
Microsoft Visual Studio Solution File, Format Version 12.00
# Visual Studio Version 17
VisualStudioVersion = 17.9.34723.18
MinimumVisualStudioVersion = 10.0.40219.1
Project("{FAE04EC0-301F-11D3-BF4B-00C04F79EFBC}") = "ProyectoFAT", "ProyectoFAT\ProyectoFAT.csproj", "{F91E05D4-A5E1-4F0B-A944-638FFAE762E1}"
EndProject
Global
	GlobalSection(SolutionConfigurationPlatforms) = preSolution
		Debug|Any CPU = Debug|Any CPU
		Release|Any CPU = Release|Any CPU
	EndGlobalSection
	GlobalSection(ProjectConfigurationPlatforms) = postSolution
		{F91E05D4-A5E1-4F0B-A944-638FFAE762E1}.Debug|Any CPU.ActiveCfg = Debug|Any CPU
		{F91E05D4-A5E1-4F0B-A944-638FFAE762E1}.Debug|Any CPU.Build.0 = Debug|Any CPU
		{F91E05D4-A5E1-4F0B-A944-638FFAE762E1}.Release|Any CPU.ActiveCfg = Release|Any CPU
		{F91E05D4-A5E1-4F0B-A944-638FFAE762E1}.Release|Any CPU.Build.0 = Release|Any CPU
	EndGlobalSection
	GlobalSection(SolutionProperties) = preSolution
		HideSolutionNode = FALSE
	EndGlobalSection
	GlobalSection(ExtensibilityGlobals) = postSolution
		SolutionGuid = {3654C5EA-9B52-4714-95C0-7F9CA8B53E5D}
	EndGlobalSection
EndGlobal
